
Microsoft Visual Studio Solution File, Format Version 12.00
# Visual Studio Version 16
VisualStudioVersion = 16.0.29424.173
MinimumVisualStudioVersion = 10.0.40219.1
Project("{FAE04EC0-301F-11D3-BF4B-00C04F79EFBC}") = "WhatIsThePrep", "WhatIsThePrep\WhatIsThePrep.csproj", "{A49AD40B-092C-46E9-9934-DDB302B6E557}"
EndProject
Project("{FAE04EC0-301F-11D3-BF4B-00C04F79EFBC}") = "WitpBusinessLogic", "WitpBusinessLogic\WitpBusinessLogic.csproj", "{B7F8CACE-4D4C-49A2-92B7-5F1AD6425984}"
EndProject
Global
	GlobalSection(SolutionConfigurationPlatforms) = preSolution
		Debug|Any CPU = Debug|Any CPU
		Release|Any CPU = Release|Any CPU
	EndGlobalSection
	GlobalSection(ProjectConfigurationPlatforms) = postSolution
		{A49AD40B-092C-46E9-9934-DDB302B6E557}.Debug|Any CPU.ActiveCfg = Debug|Any CPU
		{A49AD40B-092C-46E9-9934-DDB302B6E557}.Debug|Any CPU.Build.0 = Debug|Any CPU
		{A49AD40B-092C-46E9-9934-DDB302B6E557}.Release|Any CPU.ActiveCfg = Release|Any CPU
		{A49AD40B-092C-46E9-9934-DDB302B6E557}.Release|Any CPU.Build.0 = Release|Any CPU
		{B7F8CACE-4D4C-49A2-92B7-5F1AD6425984}.Debug|Any CPU.ActiveCfg = Debug|Any CPU
		{B7F8CACE-4D4C-49A2-92B7-5F1AD6425984}.Debug|Any CPU.Build.0 = Debug|Any CPU
		{B7F8CACE-4D4C-49A2-92B7-5F1AD6425984}.Release|Any CPU.ActiveCfg = Release|Any CPU
		{B7F8CACE-4D4C-49A2-92B7-5F1AD6425984}.Release|Any CPU.Build.0 = Release|Any CPU
	EndGlobalSection
	GlobalSection(SolutionProperties) = preSolution
		HideSolutionNode = FALSE
	EndGlobalSection
	GlobalSection(ExtensibilityGlobals) = postSolution
		SolutionGuid = {768A9585-AE04-4102-8332-DBE7849124B1}
	EndGlobalSection
EndGlobal
